
Microsoft Visual Studio Solution File, Format Version 12.00
# Visual Studio Version 17
VisualStudioVersion = 17.6.33723.286
MinimumVisualStudioVersion = 10.0.40219.1
Project("{FAE04EC0-301F-11D3-BF4B-00C04F79EFBC}") = "Domain", "ClassLibrary1\Domain.csproj", "{1DE196C7-C6CC-442C-B239-AB9ADDE6D064}"
EndProject
Project("{FAE04EC0-301F-11D3-BF4B-00C04F79EFBC}") = "DataAccess", "DataAccess\DataAccess.csproj", "{444E4AC9-CE42-4E3E-B888-B4BD58443CA6}"
EndProject
Project("{FAE04EC0-301F-11D3-BF4B-00C04F79EFBC}") = "Application", "Application\Application.csproj", "{EF97FCAA-C241-4D63-9D17-496DE93D6020}"
EndProject
Project("{FAE04EC0-301F-11D3-BF4B-00C04F79EFBC}") = "MinimalApi", "MinimalApi\MinimalApi.csproj", "{75A5F030-D40E-4C93-B859-9C118DD2418F}"
EndProject
Global
	GlobalSection(SolutionConfigurationPlatforms) = preSolution
		Debug|Any CPU = Debug|Any CPU
		Release|Any CPU = Release|Any CPU
	EndGlobalSection
	GlobalSection(ProjectConfigurationPlatforms) = postSolution
		{1DE196C7-C6CC-442C-B239-AB9ADDE6D064}.Debug|Any CPU.ActiveCfg = Debug|Any CPU
		{1DE196C7-C6CC-442C-B239-AB9ADDE6D064}.Debug|Any CPU.Build.0 = Debug|Any CPU
		{1DE196C7-C6CC-442C-B239-AB9ADDE6D064}.Release|Any CPU.ActiveCfg = Release|Any CPU
		{1DE196C7-C6CC-442C-B239-AB9ADDE6D064}.Release|Any CPU.Build.0 = Release|Any CPU
		{444E4AC9-CE42-4E3E-B888-B4BD58443CA6}.Debug|Any CPU.ActiveCfg = Debug|Any CPU
		{444E4AC9-CE42-4E3E-B888-B4BD58443CA6}.Debug|Any CPU.Build.0 = Debug|Any CPU
		{444E4AC9-CE42-4E3E-B888-B4BD58443CA6}.Release|Any CPU.ActiveCfg = Release|Any CPU
		{444E4AC9-CE42-4E3E-B888-B4BD58443CA6}.Release|Any CPU.Build.0 = Release|Any CPU
		{EF97FCAA-C241-4D63-9D17-496DE93D6020}.Debug|Any CPU.ActiveCfg = Debug|Any CPU
		{EF97FCAA-C241-4D63-9D17-496DE93D6020}.Debug|Any CPU.Build.0 = Debug|Any CPU
		{EF97FCAA-C241-4D63-9D17-496DE93D6020}.Release|Any CPU.ActiveCfg = Release|Any CPU
		{EF97FCAA-C241-4D63-9D17-496DE93D6020}.Release|Any CPU.Build.0 = Release|Any CPU
		{75A5F030-D40E-4C93-B859-9C118DD2418F}.Debug|Any CPU.ActiveCfg = Debug|Any CPU
		{75A5F030-D40E-4C93-B859-9C118DD2418F}.Debug|Any CPU.Build.0 = Debug|Any CPU
		{75A5F030-D40E-4C93-B859-9C118DD2418F}.Release|Any CPU.ActiveCfg = Release|Any CPU
		{75A5F030-D40E-4C93-B859-9C118DD2418F}.Release|Any CPU.Build.0 = Release|Any CPU
	EndGlobalSection
	GlobalSection(SolutionProperties) = preSolution
		HideSolutionNode = FALSE
	EndGlobalSection
	GlobalSection(ExtensibilityGlobals) = postSolution
		SolutionGuid = {59E1F21E-299A-4787-A194-E8BE426B7F7A}
	EndGlobalSection
EndGlobal
